// !$*UTF8*$!
{
	archiveVersion = 1;
	classes = {
	};
	objectVersion = 46;
	objects = {

/* Begin PBXBuildFile section */
		15290D1A1DBF6C3F00D37438 /* main.m in Sources */ = {isa = PBXBuildFile; fileRef = 15290D191DBF6C3F00D37438 /* main.m */; };
		15290D1D1DBF6C3F00D37438 /* AppDelegate.m in Sources */ = {isa = PBXBuildFile; fileRef = 15290D1C1DBF6C3F00D37438 /* AppDelegate.m */; };
		15290D201DBF6C3F00D37438 /* ViewController.m in Sources */ = {isa = PBXBuildFile; fileRef = 15290D1F1DBF6C3F00D37438 /* ViewController.m */; };
		15290D231DBF6C3F00D37438 /* Main.storyboard in Resources */ = {isa = PBXBuildFile; fileRef = 15290D211DBF6C3F00D37438 /* Main.storyboard */; };
		15290D251DBF6C3F00D37438 /* Assets.xcassets in Resources */ = {isa = PBXBuildFile; fileRef = 15290D241DBF6C3F00D37438 /* Assets.xcassets */; };
		15290D281DBF6C3F00D37438 /* LaunchScreen.storyboard in Resources */ = {isa = PBXBuildFile; fileRef = 15290D261DBF6C3F00D37438 /* LaunchScreen.storyboard */; };
		15290D331DBF6C4000D37438 /* UIImageView____Tests.m in Sources */ = {isa = PBXBuildFile; fileRef = 15290D321DBF6C4000D37438 /* UIImageView____Tests.m */; };
		15290D3F1DBF6C7700D37438 /* UIImage+Extension.m in Sources */ = {isa = PBXBuildFile; fileRef = 15290D3E1DBF6C7700D37438 /* UIImage+Extension.m */; };
		15290D621DBF6C8A00D37438 /* MKAnnotationView+WebCache.m in Sources */ = {isa = PBXBuildFile; fileRef = 15290D421DBF6C8A00D37438 /* MKAnnotationView+WebCache.m */; };
		15290D631DBF6C8A00D37438 /* NSData+ImageContentType.m in Sources */ = {isa = PBXBuildFile; fileRef = 15290D441DBF6C8A00D37438 /* NSData+ImageContentType.m */; };
		15290D641DBF6C8A00D37438 /* SDImageCache.m in Sources */ = {isa = PBXBuildFile; fileRef = 15290D461DBF6C8A00D37438 /* SDImageCache.m */; };
		15290D651DBF6C8A00D37438 /* SDWebImageCompat.m in Sources */ = {isa = PBXBuildFile; fileRef = 15290D481DBF6C8A00D37438 /* SDWebImageCompat.m */; };
		15290D661DBF6C8A00D37438 /* SDWebImageDecoder.m in Sources */ = {isa = PBXBuildFile; fileRef = 15290D4A1DBF6C8A00D37438 /* SDWebImageDecoder.m */; };
		15290D671DBF6C8A00D37438 /* SDWebImageDownloader.m in Sources */ = {isa = PBXBuildFile; fileRef = 15290D4C1DBF6C8A00D37438 /* SDWebImageDownloader.m */; };
		15290D681DBF6C8A00D37438 /* SDWebImageDownloaderOperation.m in Sources */ = {isa = PBXBuildFile; fileRef = 15290D4E1DBF6C8A00D37438 /* SDWebImageDownloaderOperation.m */; };
		15290D691DBF6C8A00D37438 /* SDWebImageManager.m in Sources */ = {isa = PBXBuildFile; fileRef = 15290D501DBF6C8A00D37438 /* SDWebImageManager.m */; };
		15290D6A1DBF6C8A00D37438 /* SDWebImagePrefetcher.m in Sources */ = {isa = PBXBuildFile; fileRef = 15290D531DBF6C8A00D37438 /* SDWebImagePrefetcher.m */; };
		15290D6B1DBF6C8A00D37438 /* UIButton+WebCache.m in Sources */ = {isa = PBXBuildFile; fileRef = 15290D551DBF6C8A00D37438 /* UIButton+WebCache.m */; };
		15290D6C1DBF6C8A00D37438 /* UIImage+GIF.m in Sources */ = {isa = PBXBuildFile; fileRef = 15290D571DBF6C8A00D37438 /* UIImage+GIF.m */; };
		15290D6D1DBF6C8A00D37438 /* UIImage+MultiFormat.m in Sources */ = {isa = PBXBuildFile; fileRef = 15290D591DBF6C8A00D37438 /* UIImage+MultiFormat.m */; };
		15290D6E1DBF6C8A00D37438 /* UIImage+WebP.m in Sources */ = {isa = PBXBuildFile; fileRef = 15290D5B1DBF6C8A00D37438 /* UIImage+WebP.m */; };
		15290D6F1DBF6C8A00D37438 /* UIImageView+HighlightedWebCache.m in Sources */ = {isa = PBXBuildFile; fileRef = 15290D5D1DBF6C8A00D37438 /* UIImageView+HighlightedWebCache.m */; };
		15290D701DBF6C8A00D37438 /* UIImageView+WebCache.m in Sources */ = {isa = PBXBuildFile; fileRef = 15290D5F1DBF6C8A00D37438 /* UIImageView+WebCache.m */; };
		15290D711DBF6C8A00D37438 /* UIView+WebCacheOperation.m in Sources */ = {isa = PBXBuildFile; fileRef = 15290D611DBF6C8A00D37438 /* UIView+WebCacheOperation.m */; };
		15290D731DBF6F6400D37438 /* 003.jpg in Resources */ = {isa = PBXBuildFile; fileRef = 15290D721DBF6F6400D37438 /* 003.jpg */; };
/* End PBXBuildFile section */

/* Begin PBXContainerItemProxy section */
		15290D2F1DBF6C4000D37438 /* PBXContainerItemProxy */ = {
			isa = PBXContainerItemProxy;
			containerPortal = 15290D0D1DBF6C3F00D37438 /* Project object */;
			proxyType = 1;
			remoteGlobalIDString = 15290D141DBF6C3F00D37438;
			remoteInfo = "UIImageView性能优化";
		};
/* End PBXContainerItemProxy section */

/* Begin PBXFileReference section */
		15290D151DBF6C3F00D37438 /* UIImageView性能优化.app */ = {isa = PBXFileReference; explicitFileType = wrapper.application; includeInIndex = 0; path = "UIImageView性能优化.app"; sourceTree = BUILT_PRODUCTS_DIR; };
		15290D191DBF6C3F00D37438 /* main.m */ = {isa = PBXFileReference; lastKnownFileType = sourcecode.c.objc; path = main.m; sourceTree = "<group>"; };
		15290D1B1DBF6C3F00D37438 /* AppDelegate.h */ = {isa = PBXFileReference; lastKnownFileType = sourcecode.c.h; path = AppDelegate.h; sourceTree = "<group>"; };
		15290D1C1DBF6C3F00D37438 /* AppDelegate.m */ = {isa = PBXFileReference; lastKnownFileType = sourcecode.c.objc; path = AppDelegate.m; sourceTree = "<group>"; };
		15290D1E1DBF6C3F00D37438 /* ViewController.h */ = {isa = PBXFileReference; lastKnownFileType = sourcecode.c.h; path = ViewController.h; sourceTree = "<group>"; };
		15290D1F1DBF6C3F00D37438 /* ViewController.m */ = {isa = PBXFileReference; lastKnownFileType = sourcecode.c.objc; path = ViewController.m; sourceTree = "<group>"; };
		15290D221DBF6C3F00D37438 /* Base */ = {isa = PBXFileReference; lastKnownFileType = file.storyboard; name = Base; path = Base.lproj/Main.storyboard; sourceTree = "<group>"; };
		15290D241DBF6C3F00D37438 /* Assets.xcassets */ = {isa = PBXFileReference; lastKnownFileType = folder.assetcatalog; path = Assets.xcassets; sourceTree = "<group>"; };
		15290D271DBF6C3F00D37438 /* Base */ = {isa = PBXFileReference; lastKnownFileType = file.storyboard; name = Base; path = Base.lproj/LaunchScreen.storyboard; sourceTree = "<group>"; };
		15290D291DBF6C3F00D37438 /* Info.plist */ = {isa = PBXFileReference; lastKnownFileType = text.plist.xml; path = Info.plist; sourceTree = "<group>"; };
		15290D2E1DBF6C4000D37438 /* UIImageView性能优化Tests.xctest */ = {isa = PBXFileReference; explicitFileType = wrapper.cfbundle; includeInIndex = 0; path = "UIImageView性能优化Tests.xctest"; sourceTree = BUILT_PRODUCTS_DIR; };
		15290D321DBF6C4000D37438 /* UIImageView____Tests.m */ = {isa = PBXFileReference; lastKnownFileType = sourcecode.c.objc; path = "UIImageView____Tests.m"; sourceTree = "<group>"; };
		15290D341DBF6C4000D37438 /* Info.plist */ = {isa = PBXFileReference; lastKnownFileType = text.plist.xml; path = Info.plist; sourceTree = "<group>"; };
		15290D3D1DBF6C7700D37438 /* UIImage+Extension.h */ = {isa = PBXFileReference; fileEncoding = 4; lastKnownFileType = sourcecode.c.h; path = "UIImage+Extension.h"; sourceTree = "<group>"; };
		15290D3E1DBF6C7700D37438 /* UIImage+Extension.m */ = {isa = PBXFileReference; fileEncoding = 4; lastKnownFileType = sourcecode.c.objc; path = "UIImage+Extension.m"; sourceTree = "<group>"; };
		15290D411DBF6C8A00D37438 /* MKAnnotationView+WebCache.h */ = {isa = PBXFileReference; fileEncoding = 4; lastKnownFileType = sourcecode.c.h; path = "MKAnnotationView+WebCache.h"; sourceTree = "<group>"; };
		15290D421DBF6C8A00D37438 /* MKAnnotationView+WebCache.m */ = {isa = PBXFileReference; fileEncoding = 4; lastKnownFileType = sourcecode.c.objc; path = "MKAnnotationView+WebCache.m"; sourceTree = "<group>"; };
		15290D431DBF6C8A00D37438 /* NSData+ImageContentType.h */ = {isa = PBXFileReference; fileEncoding = 4; lastKnownFileType = sourcecode.c.h; path = "NSData+ImageContentType.h"; sourceTree = "<group>"; };
		15290D441DBF6C8A00D37438 /* NSData+ImageContentType.m */ = {isa = PBXFileReference; fileEncoding = 4; lastKnownFileType = sourcecode.c.objc; path = "NSData+ImageContentType.m"; sourceTree = "<group>"; };
		15290D451DBF6C8A00D37438 /* SDImageCache.h */ = {isa = PBXFileReference; fileEncoding = 4; lastKnownFileType = sourcecode.c.h; path = SDImageCache.h; sourceTree = "<group>"; };
		15290D461DBF6C8A00D37438 /* SDImageCache.m */ = {isa = PBXFileReference; fileEncoding = 4; lastKnownFileType = sourcecode.c.objc; path = SDImageCache.m; sourceTree = "<group>"; };
		15290D471DBF6C8A00D37438 /* SDWebImageCompat.h */ = {isa = PBXFileReference; fileEncoding = 4; lastKnownFileType = sourcecode.c.h; path = SDWebImageCompat.h; sourceTree = "<group>"; };
		15290D481DBF6C8A00D37438 /* SDWebImageCompat.m */ = {isa = PBXFileReference; fileEncoding = 4; lastKnownFileType = sourcecode.c.objc; path = SDWebImageCompat.m; sourceTree = "<group>"; };
		15290D491DBF6C8A00D37438 /* SDWebImageDecoder.h */ = {isa = PBXFileReference; fileEncoding = 4; lastKnownFileType = sourcecode.c.h; path = SDWebImageDecoder.h; sourceTree = "<group>"; };
		15290D4A1DBF6C8A00D37438 /* SDWebImageDecoder.m */ = {isa = PBXFileReference; fileEncoding = 4; lastKnownFileType = sourcecode.c.objc; path = SDWebImageDecoder.m; sourceTree = "<group>"; };
		15290D4B1DBF6C8A00D37438 /* SDWebImageDownloader.h */ = {isa = PBXFileReference; fileEncoding = 4; lastKnownFileType = sourcecode.c.h; path = SDWebImageDownloader.h; sourceTree = "<group>"; };
		15290D4C1DBF6C8A00D37438 /* SDWebImageDownloader.m */ = {isa = PBXFileReference; fileEncoding = 4; lastKnownFileType = sourcecode.c.objc; path = SDWebImageDownloader.m; sourceTree = "<group>"; };
		15290D4D1DBF6C8A00D37438 /* SDWebImageDownloaderOperation.h */ = {isa = PBXFileReference; fileEncoding = 4; lastKnownFileType = sourcecode.c.h; path = SDWebImageDownloaderOperation.h; sourceTree = "<group>"; };
		15290D4E1DBF6C8A00D37438 /* SDWebImageDownloaderOperation.m */ = {isa = PBXFileReference; fileEncoding = 4; lastKnownFileType = sourcecode.c.objc; path = SDWebImageDownloaderOperation.m; sourceTree = "<group>"; };
		15290D4F1DBF6C8A00D37438 /* SDWebImageManager.h */ = {isa = PBXFileReference; fileEncoding = 4; lastKnownFileType = sourcecode.c.h; path = SDWebImageManager.h; sourceTree = "<group>"; };
		15290D501DBF6C8A00D37438 /* SDWebImageManager.m */ = {isa = PBXFileReference; fileEncoding = 4; lastKnownFileType = sourcecode.c.objc; path = SDWebImageManager.m; sourceTree = "<group>"; };
		15290D511DBF6C8A00D37438 /* SDWebImageOperation.h */ = {isa = PBXFileReference; fileEncoding = 4; lastKnownFileType = sourcecode.c.h; path = SDWebImageOperation.h; sourceTree = "<group>"; };
		15290D521DBF6C8A00D37438 /* SDWebImagePrefetcher.h */ = {isa = PBXFileReference; fileEncoding = 4; lastKnownFileType = sourcecode.c.h; path = SDWebImagePrefetcher.h; sourceTree = "<group>"; };
		15290D531DBF6C8A00D37438 /* SDWebImagePrefetcher.m */ = {isa = PBXFileReference; fileEncoding = 4; lastKnownFileType = sourcecode.c.objc; path = SDWebImagePrefetcher.m; sourceTree = "<group>"; };
		15290D541DBF6C8A00D37438 /* UIButton+WebCache.h */ = {isa = PBXFileReference; fileEncoding = 4; lastKnownFileType = sourcecode.c.h; path = "UIButton+WebCache.h"; sourceTree = "<group>"; };
		15290D551DBF6C8A00D37438 /* UIButton+WebCache.m */ = {isa = PBXFileReference; fileEncoding = 4; lastKnownFileType = sourcecode.c.objc; path = "UIButton+WebCache.m"; sourceTree = "<group>"; };
		15290D561DBF6C8A00D37438 /* UIImage+GIF.h */ = {isa = PBXFileReference; fileEncoding = 4; lastKnownFileType = sourcecode.c.h; path = "UIImage+GIF.h"; sourceTree = "<group>"; };
		15290D571DBF6C8A00D37438 /* UIImage+GIF.m */ = {isa = PBXFileReference; fileEncoding = 4; lastKnownFileType = sourcecode.c.objc; path = "UIImage+GIF.m"; sourceTree = "<group>"; };
		15290D581DBF6C8A00D37438 /* UIImage+MultiFormat.h */ = {isa = PBXFileReference; fileEncoding = 4; lastKnownFileType = sourcecode.c.h; path = "UIImage+MultiFormat.h"; sourceTree = "<group>"; };
		15290D591DBF6C8A00D37438 /* UIImage+MultiFormat.m */ = {isa = PBXFileReference; fileEncoding = 4; lastKnownFileType = sourcecode.c.objc; path = "UIImage+MultiFormat.m"; sourceTree = "<group>"; };
		15290D5A1DBF6C8A00D37438 /* UIImage+WebP.h */ = {isa = PBXFileReference; fileEncoding = 4; lastKnownFileType = sourcecode.c.h; path = "UIImage+WebP.h"; sourceTree = "<group>"; };
		15290D5B1DBF6C8A00D37438 /* UIImage+WebP.m */ = {isa = PBXFileReference; fileEncoding = 4; lastKnownFileType = sourcecode.c.objc; path = "UIImage+WebP.m"; sourceTree = "<group>"; };
		15290D5C1DBF6C8A00D37438 /* UIImageView+HighlightedWebCache.h */ = {isa = PBXFileReference; fileEncoding = 4; lastKnownFileType = sourcecode.c.h; path = "UIImageView+HighlightedWebCache.h"; sourceTree = "<group>"; };
		15290D5D1DBF6C8A00D37438 /* UIImageView+HighlightedWebCache.m */ = {isa = PBXFileReference; fileEncoding = 4; lastKnownFileType = sourcecode.c.objc; path = "UIImageView+HighlightedWebCache.m"; sourceTree = "<group>"; };
		15290D5E1DBF6C8A00D37438 /* UIImageView+WebCache.h */ = {isa = PBXFileReference; fileEncoding = 4; lastKnownFileType = sourcecode.c.h; path = "UIImageView+WebCache.h"; sourceTree = "<group>"; };
		15290D5F1DBF6C8A00D37438 /* UIImageView+WebCache.m */ = {isa = PBXFileReference; fileEncoding = 4; lastKnownFileType = sourcecode.c.objc; path = "UIImageView+WebCache.m"; sourceTree = "<group>"; };
		15290D601DBF6C8A00D37438 /* UIView+WebCacheOperation.h */ = {isa = PBXFileReference; fileEncoding = 4; lastKnownFileType = sourcecode.c.h; path = "UIView+WebCacheOperation.h"; sourceTree = "<group>"; };
		15290D611DBF6C8A00D37438 /* UIView+WebCacheOperation.m */ = {isa = PBXFileReference; fileEncoding = 4; lastKnownFileType = sourcecode.c.objc; path = "UIView+WebCacheOperation.m"; sourceTree = "<group>"; };
		15290D721DBF6F6400D37438 /* 003.jpg */ = {isa = PBXFileReference; lastKnownFileType = image.jpeg; path = 003.jpg; sourceTree = "<group>"; };
/* End PBXFileReference section */

/* Begin PBXFrameworksBuildPhase section */
		15290D121DBF6C3F00D37438 /* Frameworks */ = {
			isa = PBXFrameworksBuildPhase;
			buildActionMask = 2147483647;
			files = (
			);
			runOnlyForDeploymentPostprocessing = 0;
		};
		15290D2B1DBF6C4000D37438 /* Frameworks */ = {
			isa = PBXFrameworksBuildPhase;
			buildActionMask = 2147483647;
			files = (
			);
			runOnlyForDeploymentPostprocessing = 0;
		};
/* End PBXFrameworksBuildPhase section */

/* Begin PBXGroup section */
		15290D0C1DBF6C3F00D37438 = {
			isa = PBXGroup;
			children = (
				15290D171DBF6C3F00D37438 /* UIImageView性能优化 */,
				15290D311DBF6C4000D37438 /* UIImageView性能优化Tests */,
				15290D161DBF6C3F00D37438 /* Products */,
			);
			sourceTree = "<group>";
		};
		15290D161DBF6C3F00D37438 /* Products */ = {
			isa = PBXGroup;
			children = (
				15290D151DBF6C3F00D37438 /* UIImageView性能优化.app */,
				15290D2E1DBF6C4000D37438 /* UIImageView性能优化Tests.xctest */,
			);
			name = Products;
			sourceTree = "<group>";
		};
		15290D171DBF6C3F00D37438 /* UIImageView性能优化 */ = {
			isa = PBXGroup;
			children = (
				15290D1B1DBF6C3F00D37438 /* AppDelegate.h */,
				15290D1C1DBF6C3F00D37438 /* AppDelegate.m */,
				15290D1E1DBF6C3F00D37438 /* ViewController.h */,
				15290D1F1DBF6C3F00D37438 /* ViewController.m */,
				15290D3D1DBF6C7700D37438 /* UIImage+Extension.h */,
				15290D3E1DBF6C7700D37438 /* UIImage+Extension.m */,
				15290D721DBF6F6400D37438 /* 003.jpg */,
				15290D401DBF6C8A00D37438 /* SDWebImage */,
				15290D211DBF6C3F00D37438 /* Main.storyboard */,
				15290D241DBF6C3F00D37438 /* Assets.xcassets */,
				15290D261DBF6C3F00D37438 /* LaunchScreen.storyboard */,
				15290D291DBF6C3F00D37438 /* Info.plist */,
				15290D181DBF6C3F00D37438 /* Supporting Files */,
			);
			path = "UIImageView性能优化";
			sourceTree = "<group>";
		};
		15290D181DBF6C3F00D37438 /* Supporting Files */ = {
			isa = PBXGroup;
			children = (
				15290D191DBF6C3F00D37438 /* main.m */,
			);
			name = "Supporting Files";
			sourceTree = "<group>";
		};
		15290D311DBF6C4000D37438 /* UIImageView性能优化Tests */ = {
			isa = PBXGroup;
			children = (
				15290D321DBF6C4000D37438 /* UIImageView____Tests.m */,
				15290D341DBF6C4000D37438 /* Info.plist */,
			);
			path = "UIImageView性能优化Tests";
			sourceTree = "<group>";
		};
		15290D401DBF6C8A00D37438 /* SDWebImage */ = {
			isa = PBXGroup;
			children = (
				15290D411DBF6C8A00D37438 /* MKAnnotationView+WebCache.h */,
				15290D421DBF6C8A00D37438 /* MKAnnotationView+WebCache.m */,
				15290D431DBF6C8A00D37438 /* NSData+ImageContentType.h */,
				15290D441DBF6C8A00D37438 /* NSData+ImageContentType.m */,
				15290D451DBF6C8A00D37438 /* SDImageCache.h */,
				15290D461DBF6C8A00D37438 /* SDImageCache.m */,
				15290D471DBF6C8A00D37438 /* SDWebImageCompat.h */,
				15290D481DBF6C8A00D37438 /* SDWebImageCompat.m */,
				15290D491DBF6C8A00D37438 /* SDWebImageDecoder.h */,
				15290D4A1DBF6C8A00D37438 /* SDWebImageDecoder.m */,
				15290D4B1DBF6C8A00D37438 /* SDWebImageDownloader.h */,
				15290D4C1DBF6C8A00D37438 /* SDWebImageDownloader.m */,
				15290D4D1DBF6C8A00D37438 /* SDWebImageDownloaderOperation.h */,
				15290D4E1DBF6C8A00D37438 /* SDWebImageDownloaderOperation.m */,
				15290D4F1DBF6C8A00D37438 /* SDWebImageManager.h */,
				15290D501DBF6C8A00D37438 /* SDWebImageManager.m */,
				15290D511DBF6C8A00D37438 /* SDWebImageOperation.h */,
				15290D521DBF6C8A00D37438 /* SDWebImagePrefetcher.h */,
				15290D531DBF6C8A00D37438 /* SDWebImagePrefetcher.m */,
				15290D541DBF6C8A00D37438 /* UIButton+WebCache.h */,
				15290D551DBF6C8A00D37438 /* UIButton+WebCache.m */,
				15290D561DBF6C8A00D37438 /* UIImage+GIF.h */,
				15290D571DBF6C8A00D37438 /* UIImage+GIF.m */,
				15290D581DBF6C8A00D37438 /* UIImage+MultiFormat.h */,
				15290D591DBF6C8A00D37438 /* UIImage+MultiFormat.m */,
				15290D5A1DBF6C8A00D37438 /* UIImage+WebP.h */,
				15290D5B1DBF6C8A00D37438 /* UIImage+WebP.m */,
				15290D5C1DBF6C8A00D37438 /* UIImageView+HighlightedWebCache.h */,
				15290D5D1DBF6C8A00D37438 /* UIImageView+HighlightedWebCache.m */,
				15290D5E1DBF6C8A00D37438 /* UIImageView+WebCache.h */,
				15290D5F1DBF6C8A00D37438 /* UIImageView+WebCache.m */,
				15290D601DBF6C8A00D37438 /* UIView+WebCacheOperation.h */,
				15290D611DBF6C8A00D37438 /* UIView+WebCacheOperation.m */,
			);
			path = SDWebImage;
			sourceTree = "<group>";
		};
/* End PBXGroup section */

/* Begin PBXNativeTarget section */
		15290D141DBF6C3F00D37438 /* UIImageView性能优化 */ = {
			isa = PBXNativeTarget;
			buildConfigurationList = 15290D371DBF6C4000D37438 /* Build configuration list for PBXNativeTarget "UIImageView性能优化" */;
			buildPhases = (
				15290D111DBF6C3F00D37438 /* Sources */,
				15290D121DBF6C3F00D37438 /* Frameworks */,
				15290D131DBF6C3F00D37438 /* Resources */,
			);
			buildRules = (
			);
			dependencies = (
			);
			name = "UIImageView性能优化";
			productName = "UIImageView性能优化";
			productReference = 15290D151DBF6C3F00D37438 /* UIImageView性能优化.app */;
			productType = "com.apple.product-type.application";
		};
		15290D2D1DBF6C4000D37438 /* UIImageView性能优化Tests */ = {
			isa = PBXNativeTarget;
			buildConfigurationList = 15290D3A1DBF6C4000D37438 /* Build configuration list for PBXNativeTarget "UIImageView性能优化Tests" */;
			buildPhases = (
				15290D2A1DBF6C4000D37438 /* Sources */,
				15290D2B1DBF6C4000D37438 /* Frameworks */,
				15290D2C1DBF6C4000D37438 /* Resources */,
			);
			buildRules = (
			);
			dependencies = (
				15290D301DBF6C4000D37438 /* PBXTargetDependency */,
			);
			name = "UIImageView性能优化Tests";
			productName = "UIImageView性能优化Tests";
			productReference = 15290D2E1DBF6C4000D37438 /* UIImageView性能优化Tests.xctest */;
			productType = "com.apple.product-type.bundle.unit-test";
		};
/* End PBXNativeTarget section */

/* Begin PBXProject section */
		15290D0D1DBF6C3F00D37438 /* Project object */ = {
			isa = PBXProject;
			attributes = {
				LastUpgradeCheck = 0800;
				ORGANIZATIONNAME = 58kuaipai;
				TargetAttributes = {
					15290D141DBF6C3F00D37438 = {
						CreatedOnToolsVersion = 8.0;
						ProvisioningStyle = Automatic;
					};
					15290D2D1DBF6C4000D37438 = {
						CreatedOnToolsVersion = 8.0;
						ProvisioningStyle = Automatic;
						TestTargetID = 15290D141DBF6C3F00D37438;
					};
				};
			};
			buildConfigurationList = 15290D101DBF6C3F00D37438 /* Build configuration list for PBXProject "UIImageView性能优化" */;
			compatibilityVersion = "Xcode 3.2";
			developmentRegion = English;
			hasScannedForEncodings = 0;
			knownRegions = (
				en,
				Base,
			);
			mainGroup = 15290D0C1DBF6C3F00D37438;
			productRefGroup = 15290D161DBF6C3F00D37438 /* Products */;
			projectDirPath = "";
			projectRoot = "";
			targets = (
				15290D141DBF6C3F00D37438 /* UIImageView性能优化 */,
				15290D2D1DBF6C4000D37438 /* UIImageView性能优化Tests */,
			);
		};
/* End PBXProject section */

/* Begin PBXResourcesBuildPhase section */
		15290D131DBF6C3F00D37438 /* Resources */ = {
			isa = PBXResourcesBuildPhase;
			buildActionMask = 2147483647;
			files = (
				15290D731DBF6F6400D37438 /* 003.jpg in Resources */,
				15290D281DBF6C3F00D37438 /* LaunchScreen.storyboard in Resources */,
				15290D251DBF6C3F00D37438 /* Assets.xcassets in Resources */,
				15290D231DBF6C3F00D37438 /* Main.storyboard in Resources */,
			);
			runOnlyForDeploymentPostprocessing = 0;
		};
		15290D2C1DBF6C4000D37438 /* Resources */ = {
			isa = PBXResourcesBuildPhase;
			buildActionMask = 2147483647;
			files = (
			);
			runOnlyForDeploymentPostprocessing = 0;
		};
/* End PBXResourcesBuildPhase section */

/* Begin PBXSourcesBuildPhase section */
		15290D111DBF6C3F00D37438 /* Sources */ = {
			isa = PBXSourcesBuildPhase;
			buildActionMask = 2147483647;
			files = (
				15290D6F1DBF6C8A00D37438 /* UIImageView+HighlightedWebCache.m in Sources */,
				15290D6D1DBF6C8A00D37438 /* UIImage+MultiFormat.m in Sources */,
				15290D681DBF6C8A00D37438 /* SDWebImageDownloaderOperation.m in Sources */,
				15290D201DBF6C3F00D37438 /* ViewController.m in Sources */,
				15290D651DBF6C8A00D37438 /* SDWebImageCompat.m in Sources */,
				15290D6C1DBF6C8A00D37438 /* UIImage+GIF.m in Sources */,
				15290D6A1DBF6C8A00D37438 /* SDWebImagePrefetcher.m in Sources */,
				15290D1D1DBF6C3F00D37438 /* AppDelegate.m in Sources */,
				15290D1A1DBF6C3F00D37438 /* main.m in Sources */,
				15290D6E1DBF6C8A00D37438 /* UIImage+WebP.m in Sources */,
				15290D701DBF6C8A00D37438 /* UIImageView+WebCache.m in Sources */,
				15290D671DBF6C8A00D37438 /* SDWebImageDownloader.m in Sources */,
				15290D711DBF6C8A00D37438 /* UIView+WebCacheOperation.m in Sources */,
				15290D6B1DBF6C8A00D37438 /* UIButton+WebCache.m in Sources */,
				15290D621DBF6C8A00D37438 /* MKAnnotationView+WebCache.m in Sources */,
				15290D631DBF6C8A00D37438 /* NSData+ImageContentType.m in Sources */,
				15290D3F1DBF6C7700D37438 /* UIImage+Extension.m in Sources */,
				15290D691DBF6C8A00D37438 /* SDWebImageManager.m in Sources */,
				15290D661DBF6C8A00D37438 /* SDWebImageDecoder.m in Sources */,
				15290D641DBF6C8A00D37438 /* SDImageCache.m in Sources */,
			);
			runOnlyForDeploymentPostprocessing = 0;
		};
		15290D2A1DBF6C4000D37438 /* Sources */ = {
			isa = PBXSourcesBuildPhase;
			buildActionMask = 2147483647;
			files = (
				15290D331DBF6C4000D37438 /* UIImageView____Tests.m in Sources */,
			);
			runOnlyForDeploymentPostprocessing = 0;
		};
/* End PBXSourcesBuildPhase section */

/* Begin PBXTargetDependency section */
		15290D301DBF6C4000D37438 /* PBXTargetDependency */ = {
			isa = PBXTargetDependency;
			target = 15290D141DBF6C3F00D37438 /* UIImageView性能优化 */;
			targetProxy = 15290D2F1DBF6C4000D37438 /* PBXContainerItemProxy */;
		};
/* End PBXTargetDependency section */

/* Begin PBXVariantGroup section */
		15290D211DBF6C3F00D37438 /* Main.storyboard */ = {
			isa = PBXVariantGroup;
			children = (
				15290D221DBF6C3F00D37438 /* Base */,
			);
			name = Main.storyboard;
			sourceTree = "<group>";
		};
		15290D261DBF6C3F00D37438 /* LaunchScreen.storyboard */ = {
			isa = PBXVariantGroup;
			children = (
				15290D271DBF6C3F00D37438 /* Base */,
			);
			name = LaunchScreen.storyboard;
			sourceTree = "<group>";
		};
/* End PBXVariantGroup section */

/* Begin XCBuildConfiguration section */
		15290D351DBF6C4000D37438 /* Debug */ = {
			isa = XCBuildConfiguration;
			buildSettings = {
				ALWAYS_SEARCH_USER_PATHS = NO;
				CLANG_ANALYZER_NONNULL = YES;
				CLANG_CXX_LANGUAGE_STANDARD = "gnu++0x";
				CLANG_CXX_LIBRARY = "libc++";
				CLANG_ENABLE_MODULES = YES;
				CLANG_ENABLE_OBJC_ARC = YES;
				CLANG_WARN_BOOL_CONVERSION = YES;
				CLANG_WARN_CONSTANT_CONVERSION = YES;
				CLANG_WARN_DIRECT_OBJC_ISA_USAGE = YES_ERROR;
				CLANG_WARN_DOCUMENTATION_COMMENTS = YES;
				CLANG_WARN_EMPTY_BODY = YES;
				CLANG_WARN_ENUM_CONVERSION = YES;
				CLANG_WARN_INFINITE_RECURSION = YES;
				CLANG_WARN_INT_CONVERSION = YES;
				CLANG_WARN_OBJC_ROOT_CLASS = YES_ERROR;
				CLANG_WARN_SUSPICIOUS_MOVES = YES;
				CLANG_WARN_UNREACHABLE_CODE = YES;
				CLANG_WARN__DUPLICATE_METHOD_MATCH = YES;
				"CODE_SIGN_IDENTITY[sdk=iphoneos*]" = "iPhone Developer";
				COPY_PHASE_STRIP = NO;
				DEBUG_INFORMATION_FORMAT = dwarf;
				ENABLE_STRICT_OBJC_MSGSEND = YES;
				ENABLE_TESTABILITY = YES;
				GCC_C_LANGUAGE_STANDARD = gnu99;
				GCC_DYNAMIC_NO_PIC = NO;
				GCC_NO_COMMON_BLOCKS = YES;
				GCC_OPTIMIZATION_LEVEL = 0;
				GCC_PREPROCESSOR_DEFINITIONS = (
					"DEBUG=1",
					"$(inherited)",
				);
				GCC_WARN_64_TO_32_BIT_CONVERSION = YES;
				GCC_WARN_ABOUT_RETURN_TYPE = YES_ERROR;
				GCC_WARN_UNDECLARED_SELECTOR = YES;
				GCC_WARN_UNINITIALIZED_AUTOS = YES_AGGRESSIVE;
				GCC_WARN_UNUSED_FUNCTION = YES;
				GCC_WARN_UNUSED_VARIABLE = YES;
				IPHONEOS_DEPLOYMENT_TARGET = 10.0;
				MTL_ENABLE_DEBUG_INFO = YES;
				ONLY_ACTIVE_ARCH = YES;
				SDKROOT = iphoneos;
				TARGETED_DEVICE_FAMILY = "1,2";
			};
			name = Debug;
		};
		15290D361DBF6C4000D37438 /* Release */ = {
			isa = XCBuildConfiguration;
			buildSettings = {
				ALWAYS_SEARCH_USER_PATHS = NO;
				CLANG_ANALYZER_NONNULL = YES;
				CLANG_CXX_LANGUAGE_STANDARD = "gnu++0x";
				CLANG_CXX_LIBRARY = "libc++";
				CLANG_ENABLE_MODULES = YES;
				CLANG_ENABLE_OBJC_ARC = YES;
				CLANG_WARN_BOOL_CONVERSION = YES;
				CLANG_WARN_CONSTANT_CONVERSION = YES;
				CLANG_WARN_DIRECT_OBJC_ISA_USAGE = YES_ERROR;
				CLANG_WARN_DOCUMENTATION_COMMENTS = YES;
				CLANG_WARN_EMPTY_BODY = YES;
				CLANG_WARN_ENUM_CONVERSION = YES;
				CLANG_WARN_INFINITE_RECURSION = YES;
				CLANG_WARN_INT_CONVERSION = YES;
				CLANG_WARN_OBJC_ROOT_CLASS = YES_ERROR;
				CLANG_WARN_SUSPICIOUS_MOVES = YES;
				CLANG_WARN_UNREACHABLE_CODE = YES;
				CLANG_WARN__DUPLICATE_METHOD_MATCH = YES;
				"CODE_SIGN_IDENTITY[sdk=iphoneos*]" = "iPhone Developer";
				COPY_PHASE_STRIP = NO;
				DEBUG_INFORMATION_FORMAT = "dwarf-with-dsym";
				ENABLE_NS_ASSERTIONS = NO;
				ENABLE_STRICT_OBJC_MSGSEND = YES;
				GCC_C_LANGUAGE_STANDARD = gnu99;
				GCC_NO_COMMON_BLOCKS = YES;
				GCC_WARN_64_TO_32_BIT_CONVERSION = YES;
				GCC_WARN_ABOUT_RETURN_TYPE = YES_ERROR;
				GCC_WARN_UNDECLARED_SELECTOR = YES;
				GCC_WARN_UNINITIALIZED_AUTOS = YES_AGGRESSIVE;
				GCC_WARN_UNUSED_FUNCTION = YES;
				GCC_WARN_UNUSED_VARIABLE = YES;
				IPHONEOS_DEPLOYMENT_TARGET = 10.0;
				MTL_ENABLE_DEBUG_INFO = NO;
				SDKROOT = iphoneos;
				TARGETED_DEVICE_FAMILY = "1,2";
				VALIDATE_PRODUCT = YES;
			};
			name = Release;
		};
		15290D381DBF6C4000D37438 /* Debug */ = {
			isa = XCBuildConfiguration;
			buildSettings = {
				ASSETCATALOG_COMPILER_APPICON_NAME = AppIcon;
				INFOPLIST_FILE = "UIImageView性能优化/Info.plist";
				LD_RUNPATH_SEARCH_PATHS = "$(inherited) @executable_path/Frameworks";
				PRODUCT_BUNDLE_IDENTIFIER = "-8kuaipai.UIImageView----";
				PRODUCT_NAME = "$(TARGET_NAME)";
			};
			name = Debug;
		};
		15290D391DBF6C4000D37438 /* Release */ = {
			isa = XCBuildConfiguration;
			buildSettings = {
				ASSETCATALOG_COMPILER_APPICON_NAME = AppIcon;
				INFOPLIST_FILE = "UIImageView性能优化/Info.plist";
				LD_RUNPATH_SEARCH_PATHS = "$(inherited) @executable_path/Frameworks";
				PRODUCT_BUNDLE_IDENTIFIER = "-8kuaipai.UIImageView----";
				PRODUCT_NAME = "$(TARGET_NAME)";
			};
			name = Release;
		};
		15290D3B1DBF6C4000D37438 /* Debug */ = {
			isa = XCBuildConfiguration;
			buildSettings = {
				BUNDLE_LOADER = "$(TEST_HOST)";
				INFOPLIST_FILE = "UIImageView性能优化Tests/Info.plist";
				LD_RUNPATH_SEARCH_PATHS = "$(inherited) @executable_path/Frameworks @loader_path/Frameworks";
				PRODUCT_BUNDLE_IDENTIFIER = "-8kuaipai.UIImageView----Tests";
				PRODUCT_NAME = "$(TARGET_NAME)";
				TEST_HOST = "$(BUILT_PRODUCTS_DIR)/UIImageView性能优化.app/UIImageView性能优化";
			};
			name = Debug;
		};
		15290D3C1DBF6C4000D37438 /* Release */ = {
			isa = XCBuildConfiguration;
			buildSettings = {
				BUNDLE_LOADER = "$(TEST_HOST)";
				INFOPLIST_FILE = "UIImageView性能优化Tests/Info.plist";
				LD_RUNPATH_SEARCH_PATHS = "$(inherited) @executable_path/Frameworks @loader_path/Frameworks";
				PRODUCT_BUNDLE_IDENTIFIER = "-8kuaipai.UIImageView----Tests";
				PRODUCT_NAME = "$(TARGET_NAME)";
				TEST_HOST = "$(BUILT_PRODUCTS_DIR)/UIImageView性能优化.app/UIImageView性能优化";
			};
			name = Release;
		};
/* End XCBuildConfiguration section */

/* Begin XCConfigurationList section */
		15290D101DBF6C3F00D37438 /* Build configuration list for PBXProject "UIImageView性能优化" */ = {
			isa = XCConfigurationList;
			buildConfigurations = (
				15290D351DBF6C4000D37438 /* Debug */,
				15290D361DBF6C4000D37438 /* Release */,
			);
			defaultConfigurationIsVisible = 0;
			defaultConfigurationName = Release;
		};
		15290D371DBF6C4000D37438 /* Build configuration list for PBXNativeTarget "UIImageView性能优化" */ = {
			isa = XCConfigurationList;
			buildConfigurations = (
				15290D381DBF6C4000D37438 /* Debug */,
				15290D391DBF6C4000D37438 /* Release */,
			);
			defaultConfigurationIsVisible = 0;
			defaultConfigurationName = Release;
		};
		15290D3A1DBF6C4000D37438 /* Build configuration list for PBXNativeTarget "UIImageView性能优化Tests" */ = {
			isa = XCConfigurationList;
			buildConfigurations = (
				15290D3B1DBF6C4000D37438 /* Debug */,
				15290D3C1DBF6C4000D37438 /* Release */,
			);
			defaultConfigurationIsVisible = 0;
			defaultConfigurationName = Release;
		};
/* End XCConfigurationList section */
	};
	rootObject = 15290D0D1DBF6C3F00D37438 /* Project object */;
}
